// !$*UTF8*$!
{
	archiveVersion = 1;
	classes = {
	};
	objectVersion = 56;
	objects = {

/* Begin PBXBuildFile section */
		DBE1A0702A6BB69700A71465 /* main.swift in Sources */ = {isa = PBXBuildFile; fileRef = DBE1A06F2A6BB69700A71465 /* main.swift */; };
		DBE1A0772A6BB7BF00A71465 /* LuaState.swift in Sources */ = {isa = PBXBuildFile; fileRef = DBE1A0762A6BB7BF00A71465 /* LuaState.swift */; };
		DBE1A0F62A6BB92300A71465 /* lfunc.c in Sources */ = {isa = PBXBuildFile; fileRef = DBE1A0D62A6BB92300A71465 /* lfunc.c */; };
		DBE1A0F72A6BB92300A71465 /* lstrlib.c in Sources */ = {isa = PBXBuildFile; fileRef = DBE1A0D72A6BB92300A71465 /* lstrlib.c */; };
		DBE1A0F82A6BB92300A71465 /* ldump.c in Sources */ = {isa = PBXBuildFile; fileRef = DBE1A0D82A6BB92300A71465 /* ldump.c */; };
		DBE1A0F92A6BB92300A71465 /* lparser.c in Sources */ = {isa = PBXBuildFile; fileRef = DBE1A0D92A6BB92300A71465 /* lparser.c */; };
		DBE1A0FA2A6BB92300A71465 /* ldebug.c in Sources */ = {isa = PBXBuildFile; fileRef = DBE1A0DA2A6BB92300A71465 /* ldebug.c */; };
		DBE1A0FB2A6BB92300A71465 /* liolib.c in Sources */ = {isa = PBXBuildFile; fileRef = DBE1A0DB2A6BB92300A71465 /* liolib.c */; settings = {COMPILER_FLAGS = "-Wno-conditional-uninitialized"; }; };
		DBE1A0FC2A6BB92300A71465 /* lgc.c in Sources */ = {isa = PBXBuildFile; fileRef = DBE1A0DC2A6BB92300A71465 /* lgc.c */; };
		DBE1A0FD2A6BB92300A71465 /* llex.c in Sources */ = {isa = PBXBuildFile; fileRef = DBE1A0DD2A6BB92300A71465 /* llex.c */; };
		DBE1A0FE2A6BB92300A71465 /* lutf8lib.c in Sources */ = {isa = PBXBuildFile; fileRef = DBE1A0DE2A6BB92300A71465 /* lutf8lib.c */; };
		DBE1A0FF2A6BB92300A71465 /* ltablib.c in Sources */ = {isa = PBXBuildFile; fileRef = DBE1A0DF2A6BB92300A71465 /* ltablib.c */; };
		DBE1A1002A6BB92300A71465 /* lctype.c in Sources */ = {isa = PBXBuildFile; fileRef = DBE1A0E02A6BB92300A71465 /* lctype.c */; };
		DBE1A1012A6BB92300A71465 /* lstring.c in Sources */ = {isa = PBXBuildFile; fileRef = DBE1A0E12A6BB92300A71465 /* lstring.c */; };
		DBE1A1022A6BB92300A71465 /* lopcodes.c in Sources */ = {isa = PBXBuildFile; fileRef = DBE1A0E22A6BB92300A71465 /* lopcodes.c */; };
		DBE1A1032A6BB92300A71465 /* linit.c in Sources */ = {isa = PBXBuildFile; fileRef = DBE1A0E32A6BB92300A71465 /* linit.c */; };
		DBE1A1042A6BB92300A71465 /* lzio.c in Sources */ = {isa = PBXBuildFile; fileRef = DBE1A0E42A6BB92300A71465 /* lzio.c */; };
		DBE1A1052A6BB92300A71465 /* ltable.c in Sources */ = {isa = PBXBuildFile; fileRef = DBE1A0E52A6BB92300A71465 /* ltable.c */; settings = {COMPILER_FLAGS = "-Wno-conditional-uninitialized"; }; };
		DBE1A1062A6BB92300A71465 /* lundump.c in Sources */ = {isa = PBXBuildFile; fileRef = DBE1A0E62A6BB92300A71465 /* lundump.c */; };
		DBE1A1072A6BB92300A71465 /* lapi.c in Sources */ = {isa = PBXBuildFile; fileRef = DBE1A0E72A6BB92300A71465 /* lapi.c */; };
		DBE1A1082A6BB92300A71465 /* ldo.c in Sources */ = {isa = PBXBuildFile; fileRef = DBE1A0E82A6BB92300A71465 /* ldo.c */; };
		DBE1A1092A6BB92300A71465 /* ltm.c in Sources */ = {isa = PBXBuildFile; fileRef = DBE1A0E92A6BB92300A71465 /* ltm.c */; };
		DBE1A10A2A6BB92300A71465 /* lvm.c in Sources */ = {isa = PBXBuildFile; fileRef = DBE1A0EA2A6BB92300A71465 /* lvm.c */; settings = {COMPILER_FLAGS = "-Wno-conditional-uninitialized"; }; };
		DBE1A10B2A6BB92300A71465 /* lobject.c in Sources */ = {isa = PBXBuildFile; fileRef = DBE1A0EB2A6BB92300A71465 /* lobject.c */; settings = {COMPILER_FLAGS = "-Wno-conditional-uninitialized"; }; };
		DBE1A10C2A6BB92300A71465 /* lbaselib.c in Sources */ = {isa = PBXBuildFile; fileRef = DBE1A0EC2A6BB92300A71465 /* lbaselib.c */; };
		DBE1A10D2A6BB92300A71465 /* lmathlib.c in Sources */ = {isa = PBXBuildFile; fileRef = DBE1A0ED2A6BB92300A71465 /* lmathlib.c */; };
		DBE1A10E2A6BB92300A71465 /* lcorolib.c in Sources */ = {isa = PBXBuildFile; fileRef = DBE1A0EE2A6BB92300A71465 /* lcorolib.c */; };
		DBE1A10F2A6BB92300A71465 /* lauxlib.c in Sources */ = {isa = PBXBuildFile; fileRef = DBE1A0EF2A6BB92300A71465 /* lauxlib.c */; };
		DBE1A1102A6BB92300A71465 /* loadlib.c in Sources */ = {isa = PBXBuildFile; fileRef = DBE1A0F02A6BB92300A71465 /* loadlib.c */; };
		DBE1A1112A6BB92300A71465 /* lmem.c in Sources */ = {isa = PBXBuildFile; fileRef = DBE1A0F12A6BB92300A71465 /* lmem.c */; };
		DBE1A1122A6BB92300A71465 /* ldblib.c in Sources */ = {isa = PBXBuildFile; fileRef = DBE1A0F22A6BB92300A71465 /* ldblib.c */; };
		DBE1A1132A6BB92300A71465 /* lstate.c in Sources */ = {isa = PBXBuildFile; fileRef = DBE1A0F32A6BB92300A71465 /* lstate.c */; };
		DBE1A1142A6BB92300A71465 /* lcode.c in Sources */ = {isa = PBXBuildFile; fileRef = DBE1A0F42A6BB92300A71465 /* lcode.c */; };
		DBE1A1172A6BB9F000A71465 /* loslib.c in Sources */ = {isa = PBXBuildFile; fileRef = DBE1A1162A6BB9F000A71465 /* loslib.c */; settings = {COMPILER_FLAGS = "-Wno-conditional-uninitialized -Wno-deprecated-declarations"; }; };
		DBE1A1192A6BBE3B00A71465 /* LuaStateStringEncoding.swift in Sources */ = {isa = PBXBuildFile; fileRef = DBE1A1182A6BBE3B00A71465 /* LuaStateStringEncoding.swift */; };
/* End PBXBuildFile section */

/* Begin PBXCopyFilesBuildPhase section */
		DBE1A06A2A6BB69700A71465 /* CopyFiles */ = {
			isa = PBXCopyFilesBuildPhase;
			buildActionMask = 2147483647;
			dstPath = /usr/share/man/man1/;
			dstSubfolderSpec = 0;
			files = (
			);
			runOnlyForDeploymentPostprocessing = 1;
		};
/* End PBXCopyFilesBuildPhase section */

/* Begin PBXFileReference section */
		DBE1A06C2A6BB69700A71465 /* templuater */ = {isa = PBXFileReference; explicitFileType = "compiled.mach-o.executable"; includeInIndex = 0; path = templuater; sourceTree = BUILT_PRODUCTS_DIR; };
		DBE1A06F2A6BB69700A71465 /* main.swift */ = {isa = PBXFileReference; lastKnownFileType = sourcecode.swift; path = main.swift; sourceTree = "<group>"; };
		DBE1A0762A6BB7BF00A71465 /* LuaState.swift */ = {isa = PBXFileReference; fileEncoding = 4; lastKnownFileType = sourcecode.swift; path = LuaState.swift; sourceTree = "<group>"; };
		DBE1A0782A6BB7E300A71465 /* templuater-bridge.h */ = {isa = PBXFileReference; fileEncoding = 4; lastKnownFileType = sourcecode.c.h; path = "templuater-bridge.h"; sourceTree = "<group>"; };
		DBE1A0D62A6BB92300A71465 /* lfunc.c */ = {isa = PBXFileReference; fileEncoding = 4; lastKnownFileType = sourcecode.c.c; name = lfunc.c; path = lua/lfunc.c; sourceTree = "<group>"; };
		DBE1A0D72A6BB92300A71465 /* lstrlib.c */ = {isa = PBXFileReference; fileEncoding = 4; lastKnownFileType = sourcecode.c.c; name = lstrlib.c; path = lua/lstrlib.c; sourceTree = "<group>"; };
		DBE1A0D82A6BB92300A71465 /* ldump.c */ = {isa = PBXFileReference; fileEncoding = 4; lastKnownFileType = sourcecode.c.c; name = ldump.c; path = lua/ldump.c; sourceTree = "<group>"; };
		DBE1A0D92A6BB92300A71465 /* lparser.c */ = {isa = PBXFileReference; fileEncoding = 4; lastKnownFileType = sourcecode.c.c; name = lparser.c; path = lua/lparser.c; sourceTree = "<group>"; };
		DBE1A0DA2A6BB92300A71465 /* ldebug.c */ = {isa = PBXFileReference; fileEncoding = 4; lastKnownFileType = sourcecode.c.c; name = ldebug.c; path = lua/ldebug.c; sourceTree = "<group>"; };
		DBE1A0DB2A6BB92300A71465 /* liolib.c */ = {isa = PBXFileReference; fileEncoding = 4; lastKnownFileType = sourcecode.c.c; name = liolib.c; path = lua/liolib.c; sourceTree = "<group>"; };
		DBE1A0DC2A6BB92300A71465 /* lgc.c */ = {isa = PBXFileReference; fileEncoding = 4; lastKnownFileType = sourcecode.c.c; name = lgc.c; path = lua/lgc.c; sourceTree = "<group>"; };
		DBE1A0DD2A6BB92300A71465 /* llex.c */ = {isa = PBXFileReference; fileEncoding = 4; lastKnownFileType = sourcecode.c.c; name = llex.c; path = lua/llex.c; sourceTree = "<group>"; };
		DBE1A0DE2A6BB92300A71465 /* lutf8lib.c */ = {isa = PBXFileReference; fileEncoding = 4; lastKnownFileType = sourcecode.c.c; name = lutf8lib.c; path = lua/lutf8lib.c; sourceTree = "<group>"; };
		DBE1A0DF2A6BB92300A71465 /* ltablib.c */ = {isa = PBXFileReference; fileEncoding = 4; lastKnownFileType = sourcecode.c.c; name = ltablib.c; path = lua/ltablib.c; sourceTree = "<group>"; };
		DBE1A0E02A6BB92300A71465 /* lctype.c */ = {isa = PBXFileReference; fileEncoding = 4; lastKnownFileType = sourcecode.c.c; name = lctype.c; path = lua/lctype.c; sourceTree = "<group>"; };
		DBE1A0E12A6BB92300A71465 /* lstring.c */ = {isa = PBXFileReference; fileEncoding = 4; lastKnownFileType = sourcecode.c.c; name = lstring.c; path = lua/lstring.c; sourceTree = "<group>"; };
		DBE1A0E22A6BB92300A71465 /* lopcodes.c */ = {isa = PBXFileReference; fileEncoding = 4; lastKnownFileType = sourcecode.c.c; name = lopcodes.c; path = lua/lopcodes.c; sourceTree = "<group>"; };
		DBE1A0E32A6BB92300A71465 /* linit.c */ = {isa = PBXFileReference; fileEncoding = 4; lastKnownFileType = sourcecode.c.c; name = linit.c; path = lua/linit.c; sourceTree = "<group>"; };
		DBE1A0E42A6BB92300A71465 /* lzio.c */ = {isa = PBXFileReference; fileEncoding = 4; lastKnownFileType = sourcecode.c.c; name = lzio.c; path = lua/lzio.c; sourceTree = "<group>"; };
		DBE1A0E52A6BB92300A71465 /* ltable.c */ = {isa = PBXFileReference; fileEncoding = 4; lastKnownFileType = sourcecode.c.c; name = ltable.c; path = lua/ltable.c; sourceTree = "<group>"; };
		DBE1A0E62A6BB92300A71465 /* lundump.c */ = {isa = PBXFileReference; fileEncoding = 4; lastKnownFileType = sourcecode.c.c; name = lundump.c; path = lua/lundump.c; sourceTree = "<group>"; };
		DBE1A0E72A6BB92300A71465 /* lapi.c */ = {isa = PBXFileReference; fileEncoding = 4; lastKnownFileType = sourcecode.c.c; name = lapi.c; path = lua/lapi.c; sourceTree = "<group>"; };
		DBE1A0E82A6BB92300A71465 /* ldo.c */ = {isa = PBXFileReference; fileEncoding = 4; lastKnownFileType = sourcecode.c.c; name = ldo.c; path = lua/ldo.c; sourceTree = "<group>"; };
		DBE1A0E92A6BB92300A71465 /* ltm.c */ = {isa = PBXFileReference; fileEncoding = 4; lastKnownFileType = sourcecode.c.c; name = ltm.c; path = lua/ltm.c; sourceTree = "<group>"; };
		DBE1A0EA2A6BB92300A71465 /* lvm.c */ = {isa = PBXFileReference; fileEncoding = 4; lastKnownFileType = sourcecode.c.c; name = lvm.c; path = lua/lvm.c; sourceTree = "<group>"; };
		DBE1A0EB2A6BB92300A71465 /* lobject.c */ = {isa = PBXFileReference; fileEncoding = 4; lastKnownFileType = sourcecode.c.c; name = lobject.c; path = lua/lobject.c; sourceTree = "<group>"; };
		DBE1A0EC2A6BB92300A71465 /* lbaselib.c */ = {isa = PBXFileReference; fileEncoding = 4; lastKnownFileType = sourcecode.c.c; name = lbaselib.c; path = lua/lbaselib.c; sourceTree = "<group>"; };
		DBE1A0ED2A6BB92300A71465 /* lmathlib.c */ = {isa = PBXFileReference; fileEncoding = 4; lastKnownFileType = sourcecode.c.c; name = lmathlib.c; path = lua/lmathlib.c; sourceTree = "<group>"; };
		DBE1A0EE2A6BB92300A71465 /* lcorolib.c */ = {isa = PBXFileReference; fileEncoding = 4; lastKnownFileType = sourcecode.c.c; name = lcorolib.c; path = lua/lcorolib.c; sourceTree = "<group>"; };
		DBE1A0EF2A6BB92300A71465 /* lauxlib.c */ = {isa = PBXFileReference; fileEncoding = 4; lastKnownFileType = sourcecode.c.c; name = lauxlib.c; path = lua/lauxlib.c; sourceTree = "<group>"; };
		DBE1A0F02A6BB92300A71465 /* loadlib.c */ = {isa = PBXFileReference; fileEncoding = 4; lastKnownFileType = sourcecode.c.c; name = loadlib.c; path = lua/loadlib.c; sourceTree = "<group>"; };
		DBE1A0F12A6BB92300A71465 /* lmem.c */ = {isa = PBXFileReference; fileEncoding = 4; lastKnownFileType = sourcecode.c.c; name = lmem.c; path = lua/lmem.c; sourceTree = "<group>"; };
		DBE1A0F22A6BB92300A71465 /* ldblib.c */ = {isa = PBXFileReference; fileEncoding = 4; lastKnownFileType = sourcecode.c.c; name = ldblib.c; path = lua/ldblib.c; sourceTree = "<group>"; };
		DBE1A0F32A6BB92300A71465 /* lstate.c */ = {isa = PBXFileReference; fileEncoding = 4; lastKnownFileType = sourcecode.c.c; name = lstate.c; path = lua/lstate.c; sourceTree = "<group>"; };
		DBE1A0F42A6BB92300A71465 /* lcode.c */ = {isa = PBXFileReference; fileEncoding = 4; lastKnownFileType = sourcecode.c.c; name = lcode.c; path = lua/lcode.c; sourceTree = "<group>"; };
		DBE1A1162A6BB9F000A71465 /* loslib.c */ = {isa = PBXFileReference; fileEncoding = 4; lastKnownFileType = sourcecode.c.c; name = loslib.c; path = lua/loslib.c; sourceTree = "<group>"; };
		DBE1A1182A6BBE3B00A71465 /* LuaStateStringEncoding.swift */ = {isa = PBXFileReference; fileEncoding = 4; lastKnownFileType = sourcecode.swift; path = LuaStateStringEncoding.swift; sourceTree = "<group>"; };
/* End PBXFileReference section */

/* Begin PBXFrameworksBuildPhase section */
		DBE1A0692A6BB69700A71465 /* Frameworks */ = {
			isa = PBXFrameworksBuildPhase;
			buildActionMask = 2147483647;
			files = (
			);
			runOnlyForDeploymentPostprocessing = 0;
		};
/* End PBXFrameworksBuildPhase section */

/* Begin PBXGroup section */
		DBE1A0632A6BB69700A71465 = {
			isa = PBXGroup;
			children = (
				DBE1A0D52A6BB8EE00A71465 /* lua */,
				DBE1A06E2A6BB69700A71465 /* templuater */,
				DBE1A06D2A6BB69700A71465 /* Products */,
			);
			sourceTree = "<group>";
		};
		DBE1A06D2A6BB69700A71465 /* Products */ = {
			isa = PBXGroup;
			children = (
				DBE1A06C2A6BB69700A71465 /* templuater */,
			);
			name = Products;
			sourceTree = "<group>";
		};
		DBE1A06E2A6BB69700A71465 /* templuater */ = {
			isa = PBXGroup;
			children = (
				DBE1A0782A6BB7E300A71465 /* templuater-bridge.h */,
				DBE1A06F2A6BB69700A71465 /* main.swift */,
				DBE1A0762A6BB7BF00A71465 /* LuaState.swift */,
				DBE1A1182A6BBE3B00A71465 /* LuaStateStringEncoding.swift */,
			);
			path = templuater;
			sourceTree = "<group>";
		};
		DBE1A0D52A6BB8EE00A71465 /* lua */ = {
			isa = PBXGroup;
			children = (
				DBE1A0E72A6BB92300A71465 /* lapi.c */,
				DBE1A0EF2A6BB92300A71465 /* lauxlib.c */,
				DBE1A0EC2A6BB92300A71465 /* lbaselib.c */,
				DBE1A0F42A6BB92300A71465 /* lcode.c */,
				DBE1A0EE2A6BB92300A71465 /* lcorolib.c */,
				DBE1A0E02A6BB92300A71465 /* lctype.c */,
				DBE1A0F22A6BB92300A71465 /* ldblib.c */,
				DBE1A0DA2A6BB92300A71465 /* ldebug.c */,
				DBE1A0E82A6BB92300A71465 /* ldo.c */,
				DBE1A0D82A6BB92300A71465 /* ldump.c */,
				DBE1A0D62A6BB92300A71465 /* lfunc.c */,
				DBE1A0DC2A6BB92300A71465 /* lgc.c */,
				DBE1A0E32A6BB92300A71465 /* linit.c */,
				DBE1A0DB2A6BB92300A71465 /* liolib.c */,
				DBE1A0DD2A6BB92300A71465 /* llex.c */,
				DBE1A0ED2A6BB92300A71465 /* lmathlib.c */,
				DBE1A0F12A6BB92300A71465 /* lmem.c */,
				DBE1A0F02A6BB92300A71465 /* loadlib.c */,
				DBE1A0EB2A6BB92300A71465 /* lobject.c */,
				DBE1A0E22A6BB92300A71465 /* lopcodes.c */,
				DBE1A1162A6BB9F000A71465 /* loslib.c */,
				DBE1A0D92A6BB92300A71465 /* lparser.c */,
				DBE1A0F32A6BB92300A71465 /* lstate.c */,
				DBE1A0E12A6BB92300A71465 /* lstring.c */,
				DBE1A0D72A6BB92300A71465 /* lstrlib.c */,
				DBE1A0E52A6BB92300A71465 /* ltable.c */,
				DBE1A0DF2A6BB92300A71465 /* ltablib.c */,
				DBE1A0E92A6BB92300A71465 /* ltm.c */,
				DBE1A0E62A6BB92300A71465 /* lundump.c */,
				DBE1A0DE2A6BB92300A71465 /* lutf8lib.c */,
				DBE1A0EA2A6BB92300A71465 /* lvm.c */,
				DBE1A0E42A6BB92300A71465 /* lzio.c */,
			);
			name = lua;
			sourceTree = "<group>";
		};
/* End PBXGroup section */

/* Begin PBXNativeTarget section */
		DBE1A06B2A6BB69700A71465 /* templuater */ = {
			isa = PBXNativeTarget;
			buildConfigurationList = DBE1A0732A6BB69700A71465 /* Build configuration list for PBXNativeTarget "templuater" */;
			buildPhases = (
				DBE1A0682A6BB69700A71465 /* Sources */,
				DBE1A0692A6BB69700A71465 /* Frameworks */,
				DBE1A06A2A6BB69700A71465 /* CopyFiles */,
			);
			buildRules = (
			);
			dependencies = (
			);
			name = templuater;
			productName = templuater;
			productReference = DBE1A06C2A6BB69700A71465 /* templuater */;
			productType = "com.apple.product-type.tool";
		};
/* End PBXNativeTarget section */

/* Begin PBXProject section */
		DBE1A0642A6BB69700A71465 /* Project object */ = {
			isa = PBXProject;
			attributes = {
				BuildIndependentTargetsInParallel = 1;
				LastSwiftUpdateCheck = 1430;
				LastUpgradeCheck = 1430;
				TargetAttributes = {
					DBE1A06B2A6BB69700A71465 = {
						CreatedOnToolsVersion = 14.3.1;
						LastSwiftMigration = 1430;
					};
				};
			};
			buildConfigurationList = DBE1A0672A6BB69700A71465 /* Build configuration list for PBXProject "templuater" */;
			compatibilityVersion = "Xcode 14.0";
			developmentRegion = en;
			hasScannedForEncodings = 0;
			knownRegions = (
				en,
				Base,
			);
			mainGroup = DBE1A0632A6BB69700A71465;
			productRefGroup = DBE1A06D2A6BB69700A71465 /* Products */;
			projectDirPath = "";
			projectRoot = "";
			targets = (
				DBE1A06B2A6BB69700A71465 /* templuater */,
			);
		};
/* End PBXProject section */

/* Begin PBXSourcesBuildPhase section */
		DBE1A0682A6BB69700A71465 /* Sources */ = {
			isa = PBXSourcesBuildPhase;
			buildActionMask = 2147483647;
			files = (
				DBE1A1002A6BB92300A71465 /* lctype.c in Sources */,
				DBE1A0FD2A6BB92300A71465 /* llex.c in Sources */,
				DBE1A0F82A6BB92300A71465 /* ldump.c in Sources */,
				DBE1A0F92A6BB92300A71465 /* lparser.c in Sources */,
				DBE1A1172A6BB9F000A71465 /* loslib.c in Sources */,
				DBE1A0F62A6BB92300A71465 /* lfunc.c in Sources */,
				DBE1A1122A6BB92300A71465 /* ldblib.c in Sources */,
				DBE1A1132A6BB92300A71465 /* lstate.c in Sources */,
				DBE1A1072A6BB92300A71465 /* lapi.c in Sources */,
				DBE1A10C2A6BB92300A71465 /* lbaselib.c in Sources */,
				DBE1A1012A6BB92300A71465 /* lstring.c in Sources */,
				DBE1A1062A6BB92300A71465 /* lundump.c in Sources */,
				DBE1A0FF2A6BB92300A71465 /* ltablib.c in Sources */,
				DBE1A1112A6BB92300A71465 /* lmem.c in Sources */,
				DBE1A10A2A6BB92300A71465 /* lvm.c in Sources */,
				DBE1A1082A6BB92300A71465 /* ldo.c in Sources */,
				DBE1A1022A6BB92300A71465 /* lopcodes.c in Sources */,
				DBE1A1092A6BB92300A71465 /* ltm.c in Sources */,
				DBE1A10D2A6BB92300A71465 /* lmathlib.c in Sources */,
				DBE1A10B2A6BB92300A71465 /* lobject.c in Sources */,
				DBE1A1032A6BB92300A71465 /* linit.c in Sources */,
				DBE1A1102A6BB92300A71465 /* loadlib.c in Sources */,
				DBE1A1052A6BB92300A71465 /* ltable.c in Sources */,
				DBE1A0FE2A6BB92300A71465 /* lutf8lib.c in Sources */,
				DBE1A10F2A6BB92300A71465 /* lauxlib.c in Sources */,
				DBE1A1142A6BB92300A71465 /* lcode.c in Sources */,
				DBE1A0FA2A6BB92300A71465 /* ldebug.c in Sources */,
				DBE1A0FB2A6BB92300A71465 /* liolib.c in Sources */,
				DBE1A0772A6BB7BF00A71465 /* LuaState.swift in Sources */,
				DBE1A0FC2A6BB92300A71465 /* lgc.c in Sources */,
				DBE1A1042A6BB92300A71465 /* lzio.c in Sources */,
				DBE1A10E2A6BB92300A71465 /* lcorolib.c in Sources */,
				DBE1A0F72A6BB92300A71465 /* lstrlib.c in Sources */,
				DBE1A0702A6BB69700A71465 /* main.swift in Sources */,
				DBE1A1192A6BBE3B00A71465 /* LuaStateStringEncoding.swift in Sources */,
			);
			runOnlyForDeploymentPostprocessing = 0;
		};
/* End PBXSourcesBuildPhase section */

/* Begin XCBuildConfiguration section */
		DBE1A0712A6BB69700A71465 /* Debug */ = {
			isa = XCBuildConfiguration;
			buildSettings = {
				ALWAYS_SEARCH_USER_PATHS = NO;
				CLANG_ANALYZER_NONNULL = YES;
				CLANG_ANALYZER_NUMBER_OBJECT_CONVERSION = YES_AGGRESSIVE;
				CLANG_CXX_LANGUAGE_STANDARD = "gnu++20";
				CLANG_ENABLE_MODULES = YES;
				CLANG_ENABLE_OBJC_ARC = YES;
				CLANG_ENABLE_OBJC_WEAK = YES;
				CLANG_WARN_BLOCK_CAPTURE_AUTORELEASING = YES;
				CLANG_WARN_BOOL_CONVERSION = YES;
				CLANG_WARN_COMMA = YES;
				CLANG_WARN_CONSTANT_CONVERSION = YES;
				CLANG_WARN_DEPRECATED_OBJC_IMPLEMENTATIONS = YES;
				CLANG_WARN_DIRECT_OBJC_ISA_USAGE = YES_ERROR;
				CLANG_WARN_DOCUMENTATION_COMMENTS = YES;
				CLANG_WARN_EMPTY_BODY = YES;
				CLANG_WARN_ENUM_CONVERSION = YES;
				CLANG_WARN_INFINITE_RECURSION = YES;
				CLANG_WARN_INT_CONVERSION = YES;
				CLANG_WARN_NON_LITERAL_NULL_CONVERSION = YES;
				CLANG_WARN_OBJC_IMPLICIT_RETAIN_SELF = YES;
				CLANG_WARN_OBJC_LITERAL_CONVERSION = YES;
				CLANG_WARN_OBJC_ROOT_CLASS = YES_ERROR;
				CLANG_WARN_QUOTED_INCLUDE_IN_FRAMEWORK_HEADER = YES;
				CLANG_WARN_RANGE_LOOP_ANALYSIS = YES;
				CLANG_WARN_STRICT_PROTOTYPES = YES;
				CLANG_WARN_SUSPICIOUS_MOVE = YES;
				CLANG_WARN_UNGUARDED_AVAILABILITY = YES_AGGRESSIVE;
				CLANG_WARN_UNREACHABLE_CODE = YES;
				CLANG_WARN__DUPLICATE_METHOD_MATCH = YES;
				COPY_PHASE_STRIP = NO;
				DEBUG_INFORMATION_FORMAT = dwarf;
				ENABLE_STRICT_OBJC_MSGSEND = YES;
				ENABLE_TESTABILITY = YES;
				GCC_C_LANGUAGE_STANDARD = gnu11;
				GCC_DYNAMIC_NO_PIC = NO;
				GCC_NO_COMMON_BLOCKS = YES;
				GCC_OPTIMIZATION_LEVEL = 0;
				GCC_PREPROCESSOR_DEFINITIONS = (
					"DEBUG=1",
					"$(inherited)",
				);
				GCC_WARN_64_TO_32_BIT_CONVERSION = YES;
				GCC_WARN_ABOUT_RETURN_TYPE = YES_ERROR;
				GCC_WARN_UNDECLARED_SELECTOR = YES;
				GCC_WARN_UNINITIALIZED_AUTOS = YES_AGGRESSIVE;
				GCC_WARN_UNUSED_FUNCTION = YES;
				GCC_WARN_UNUSED_VARIABLE = YES;
				HEADER_SEARCH_PATHS = lua;
				MACOSX_DEPLOYMENT_TARGET = 13.3;
				MTL_ENABLE_DEBUG_INFO = INCLUDE_SOURCE;
				MTL_FAST_MATH = YES;
				ONLY_ACTIVE_ARCH = YES;
				SDKROOT = macosx;
				SWIFT_ACTIVE_COMPILATION_CONDITIONS = DEBUG;
				SWIFT_OBJC_BRIDGING_HEADER = "templuater/templuater-bridge.h";
				SWIFT_OPTIMIZATION_LEVEL = "-Onone";
			};
			name = Debug;
		};
		DBE1A0722A6BB69700A71465 /* Release */ = {
			isa = XCBuildConfiguration;
			buildSettings = {
				ALWAYS_SEARCH_USER_PATHS = NO;
				CLANG_ANALYZER_NONNULL = YES;
				CLANG_ANALYZER_NUMBER_OBJECT_CONVERSION = YES_AGGRESSIVE;
				CLANG_CXX_LANGUAGE_STANDARD = "gnu++20";
				CLANG_ENABLE_MODULES = YES;
				CLANG_ENABLE_OBJC_ARC = YES;
				CLANG_ENABLE_OBJC_WEAK = YES;
				CLANG_WARN_BLOCK_CAPTURE_AUTORELEASING = YES;
				CLANG_WARN_BOOL_CONVERSION = YES;
				CLANG_WARN_COMMA = YES;
				CLANG_WARN_CONSTANT_CONVERSION = YES;
				CLANG_WARN_DEPRECATED_OBJC_IMPLEMENTATIONS = YES;
				CLANG_WARN_DIRECT_OBJC_ISA_USAGE = YES_ERROR;
				CLANG_WARN_DOCUMENTATION_COMMENTS = YES;
				CLANG_WARN_EMPTY_BODY = YES;
				CLANG_WARN_ENUM_CONVERSION = YES;
				CLANG_WARN_INFINITE_RECURSION = YES;
				CLANG_WARN_INT_CONVERSION = YES;
				CLANG_WARN_NON_LITERAL_NULL_CONVERSION = YES;
				CLANG_WARN_OBJC_IMPLICIT_RETAIN_SELF = YES;
				CLANG_WARN_OBJC_LITERAL_CONVERSION = YES;
				CLANG_WARN_OBJC_ROOT_CLASS = YES_ERROR;
				CLANG_WARN_QUOTED_INCLUDE_IN_FRAMEWORK_HEADER = YES;
				CLANG_WARN_RANGE_LOOP_ANALYSIS = YES;
				CLANG_WARN_STRICT_PROTOTYPES = YES;
				CLANG_WARN_SUSPICIOUS_MOVE = YES;
				CLANG_WARN_UNGUARDED_AVAILABILITY = YES_AGGRESSIVE;
				CLANG_WARN_UNREACHABLE_CODE = YES;
				CLANG_WARN__DUPLICATE_METHOD_MATCH = YES;
				COPY_PHASE_STRIP = NO;
				DEBUG_INFORMATION_FORMAT = "dwarf-with-dsym";
				ENABLE_NS_ASSERTIONS = NO;
				ENABLE_STRICT_OBJC_MSGSEND = YES;
				GCC_C_LANGUAGE_STANDARD = gnu11;
				GCC_NO_COMMON_BLOCKS = YES;
				GCC_WARN_64_TO_32_BIT_CONVERSION = YES;
				GCC_WARN_ABOUT_RETURN_TYPE = YES_ERROR;
				GCC_WARN_UNDECLARED_SELECTOR = YES;
				GCC_WARN_UNINITIALIZED_AUTOS = YES_AGGRESSIVE;
				GCC_WARN_UNUSED_FUNCTION = YES;
				GCC_WARN_UNUSED_VARIABLE = YES;
				HEADER_SEARCH_PATHS = lua;
				MACOSX_DEPLOYMENT_TARGET = 13.3;
				MTL_ENABLE_DEBUG_INFO = NO;
				MTL_FAST_MATH = YES;
				SDKROOT = macosx;
				SWIFT_COMPILATION_MODE = wholemodule;
				SWIFT_OBJC_BRIDGING_HEADER = "templuater/templuater-bridge.h";
				SWIFT_OPTIMIZATION_LEVEL = "-O";
			};
			name = Release;
		};
		DBE1A0742A6BB69700A71465 /* Debug */ = {
			isa = XCBuildConfiguration;
			buildSettings = {
				CLANG_ENABLE_MODULES = YES;
				CODE_SIGN_STYLE = Automatic;
				PRODUCT_NAME = "$(TARGET_NAME)";
				SWIFT_OPTIMIZATION_LEVEL = "-Onone";
				SWIFT_VERSION = 5.0;
			};
			name = Debug;
		};
		DBE1A0752A6BB69700A71465 /* Release */ = {
			isa = XCBuildConfiguration;
			buildSettings = {
				CLANG_ENABLE_MODULES = YES;
				CODE_SIGN_STYLE = Automatic;
				PRODUCT_NAME = "$(TARGET_NAME)";
				SWIFT_VERSION = 5.0;
			};
			name = Release;
		};
/* End XCBuildConfiguration section */

/* Begin XCConfigurationList section */
		DBE1A0672A6BB69700A71465 /* Build configuration list for PBXProject "templuater" */ = {
			isa = XCConfigurationList;
			buildConfigurations = (
				DBE1A0712A6BB69700A71465 /* Debug */,
				DBE1A0722A6BB69700A71465 /* Release */,
			);
			defaultConfigurationIsVisible = 0;
			defaultConfigurationName = Release;
		};
		DBE1A0732A6BB69700A71465 /* Build configuration list for PBXNativeTarget "templuater" */ = {
			isa = XCConfigurationList;
			buildConfigurations = (
				DBE1A0742A6BB69700A71465 /* Debug */,
				DBE1A0752A6BB69700A71465 /* Release */,
			);
			defaultConfigurationIsVisible = 0;
			defaultConfigurationName = Release;
		};
/* End XCConfigurationList section */
	};
	rootObject = DBE1A0642A6BB69700A71465 /* Project object */;
}
